
Microsoft Visual Studio Solution File, Format Version 12.00
# Visual Studio Version 17
VisualStudioVersion = 17.7.34018.315
MinimumVisualStudioVersion = 10.0.40219.1
Project("{9A19103F-16F7-4668-BE54-9A1E7A4F7556}") = "MediatR Pattern", "MediatR Pattern.csproj", "{37A9C55B-4FAC-4C82-9307-20FB45A88BEE}"
EndProject
Global
	GlobalSection(SolutionConfigurationPlatforms) = preSolution
		Debug|Any CPU = Debug|Any CPU
		Release|Any CPU = Release|Any CPU
	EndGlobalSection
	GlobalSection(ProjectConfigurationPlatforms) = postSolution
		{37A9C55B-4FAC-4C82-9307-20FB45A88BEE}.Debug|Any CPU.ActiveCfg = Debug|Any CPU
		{37A9C55B-4FAC-4C82-9307-20FB45A88BEE}.Debug|Any CPU.Build.0 = Debug|Any CPU
		{37A9C55B-4FAC-4C82-9307-20FB45A88BEE}.Release|Any CPU.ActiveCfg = Release|Any CPU
		{37A9C55B-4FAC-4C82-9307-20FB45A88BEE}.Release|Any CPU.Build.0 = Release|Any CPU
	EndGlobalSection
	GlobalSection(SolutionProperties) = preSolution
		HideSolutionNode = FALSE
	EndGlobalSection
	GlobalSection(ExtensibilityGlobals) = postSolution
		SolutionGuid = {283DCD1F-F26B-4F36-BC98-9077E4D244F4}
	EndGlobalSection
EndGlobal
